
Microsoft Visual Studio Solution File, Format Version 12.00
# Visual Studio Version 16
VisualStudioVersion = 16.0.30717.126
MinimumVisualStudioVersion = 10.0.40219.1
Project("{FAE04EC0-301F-11D3-BF4B-00C04F79EFBC}") = "PROTOCOL", "PROTOCOL.csproj", "{AA5CB22B-417C-4314-A8E8-9602E2DBE622}"
EndProject
Global
	GlobalSection(SolutionConfigurationPlatforms) = preSolution
		Debug|Any CPU = Debug|Any CPU
		Release|Any CPU = Release|Any CPU
	EndGlobalSection
	GlobalSection(ProjectConfigurationPlatforms) = postSolution
		{AA5CB22B-417C-4314-A8E8-9602E2DBE622}.Debug|Any CPU.ActiveCfg = Debug|Any CPU
		{AA5CB22B-417C-4314-A8E8-9602E2DBE622}.Debug|Any CPU.Build.0 = Debug|Any CPU
		{AA5CB22B-417C-4314-A8E8-9602E2DBE622}.Release|Any CPU.ActiveCfg = Release|Any CPU
		{AA5CB22B-417C-4314-A8E8-9602E2DBE622}.Release|Any CPU.Build.0 = Release|Any CPU
	EndGlobalSection
	GlobalSection(SolutionProperties) = preSolution
		HideSolutionNode = FALSE
	EndGlobalSection
	GlobalSection(ExtensibilityGlobals) = postSolution
		SolutionGuid = {2B41FC15-467F-4D2A-9722-C1D970519C29}
	EndGlobalSection
EndGlobal
